
Microsoft Visual Studio Solution File, Format Version 12.00
# Visual Studio Version 17
VisualStudioVersion = 17.1.32210.238
MinimumVisualStudioVersion = 10.0.40219.1
Project("{FAE04EC0-301F-11D3-BF4B-00C04F79EFBC}") = "Nomina", "Nomina\Nomina.csproj", "{90B6777F-235F-4AA9-88B5-C13103EDDA38}"
EndProject
Project("{2150E333-8FDC-42A3-9474-1A3956D46DE8}") = "1-Presentaion", "1-Presentaion", "{52477F1A-07A2-4F2A-81EE-29B2A057DE65}"
EndProject
Project("{2150E333-8FDC-42A3-9474-1A3956D46DE8}") = "2-Aplicacion", "2-Aplicacion", "{7359A23C-91F4-4E6D-888A-B388054801B5}"
EndProject
Global
	GlobalSection(SolutionConfigurationPlatforms) = preSolution
		Debug|Any CPU = Debug|Any CPU
		Release|Any CPU = Release|Any CPU
	EndGlobalSection
	GlobalSection(ProjectConfigurationPlatforms) = postSolution
		{90B6777F-235F-4AA9-88B5-C13103EDDA38}.Debug|Any CPU.ActiveCfg = Debug|Any CPU
		{90B6777F-235F-4AA9-88B5-C13103EDDA38}.Debug|Any CPU.Build.0 = Debug|Any CPU
		{90B6777F-235F-4AA9-88B5-C13103EDDA38}.Release|Any CPU.ActiveCfg = Release|Any CPU
		{90B6777F-235F-4AA9-88B5-C13103EDDA38}.Release|Any CPU.Build.0 = Release|Any CPU
	EndGlobalSection
	GlobalSection(SolutionProperties) = preSolution
		HideSolutionNode = FALSE
	EndGlobalSection
	GlobalSection(ExtensibilityGlobals) = postSolution
		SolutionGuid = {9E31C646-6FCE-4EB3-A7D4-526BEB1962A8}
	EndGlobalSection
EndGlobal
